<?xml version="1.0" encoding="utf-8"?>
<Project ToolsVersion="4.0" xmlns="http://schemas.microsoft.com/developer/msbuild/2003">
  <ItemGroup>
    <Filter Include="Nnuts">
      <UniqueIdentifier>{3DCAC00D-A9DE-E8BE-7260-8C1EDE33E5EF}</UniqueIdentifier>
    </Filter>
  </ItemGroup>
  <ItemGroup>
    <ClInclude Include="src\Nnuts.h" />
    <ClInclude Include="src\Nnuts\Application.h">
      <Filter>Nnuts</Filter>
    </ClInclude>
    <ClInclude Include="src\Nnuts\Core.h">
      <Filter>Nnuts</Filter>
    </ClInclude>
    <ClInclude Include="src\Nnuts\EntryPoint.h">
      <Filter>Nnuts</Filter>
    </ClInclude>
    <ClInclude Include="src\Nnuts\Log.h">
      <Filter>Nnuts</Filter>
    </ClInclude>
  </ItemGroup>
  <ItemGroup>
    <ClCompile Include="src\Nnuts\Application.cpp">
      <Filter>Nnuts</Filter>
    </ClCompile>
    <ClCompile Include="src\Nnuts\Log.cpp">
      <Filter>Nnuts</Filter>
    </ClCompile>
  </ItemGroup>
</Project>